
Microsoft Visual Studio Solution File, Format Version 12.00
# Visual Studio Version 16
VisualStudioVersion = 16.0.30413.136
MinimumVisualStudioVersion = 10.0.40219.1
Project("{FAE04EC0-301F-11D3-BF4B-00C04F79EFBC}") = "4Point1_EF", "4Point1_EF\4Point1_EF.csproj", "{62A49806-A906-4387-8105-17550EA9F5FB}"
EndProject
Global
	GlobalSection(SolutionConfigurationPlatforms) = preSolution
		Debug|Any CPU = Debug|Any CPU
		Release|Any CPU = Release|Any CPU
	EndGlobalSection
	GlobalSection(ProjectConfigurationPlatforms) = postSolution
		{62A49806-A906-4387-8105-17550EA9F5FB}.Debug|Any CPU.ActiveCfg = Debug|Any CPU
		{62A49806-A906-4387-8105-17550EA9F5FB}.Debug|Any CPU.Build.0 = Debug|Any CPU
		{62A49806-A906-4387-8105-17550EA9F5FB}.Release|Any CPU.ActiveCfg = Release|Any CPU
		{62A49806-A906-4387-8105-17550EA9F5FB}.Release|Any CPU.Build.0 = Release|Any CPU
	EndGlobalSection
	GlobalSection(SolutionProperties) = preSolution
		HideSolutionNode = FALSE
	EndGlobalSection
	GlobalSection(ExtensibilityGlobals) = postSolution
		SolutionGuid = {F61D0F19-CBE6-4187-BF6D-424D812F8B4F}
	EndGlobalSection
EndGlobal
